PackratFormat: 1.4
PackratVersion: 0.4.3
RVersion: 3.1.2
Repos: CRAN=http://cran.rstudio.com

Package: Rcpp
Source: CRAN
Version: 0.11.4
Hash: 1f684f6afd28079e4e609b49f353e49f

Package: httpuv
Source: CRAN
Version: 1.3.2
Hash: ac540f0ff8ec50ae7c9ec69f1c81f1c7
Requires: Rcpp

Package: jsonlite
Source: CRAN
Version: 0.9.14
Hash: 1e949c7f0f926734e2ff498eddb2309a

Package: microserver
Source: github
Version: 0.0.1
Hash: f66b4e95d478ef976662b8d6d39629f89933159b
Requires: httpuv, jsonlite
GithubRepo: microserver
GithubUsername: robertzk
GithubRef: master
GithubSha1: f66b4e95d478ef976662b8d6d39629f89933159b

Package: packrat
Source: CRAN
Version: 0.4.3
Hash: 16c72d5c802629fae5a4abca901e0199
